// !$*UTF8*$!
{
	archiveVersion = 1;
	classes = {
	};
	objectVersion = 54;
	objects = {

/* Begin PBXBuildFile section */
		5405B86A229E5C7E00591FFD /* AddBookRequestController.swift in Sources */ = {isa = PBXBuildFile; fileRef = 5405B869229E5C7E00591FFD /* AddBookRequestController.swift */; };
		5405B86C229E982900591FFD /* ReadOnlyTextField.swift in Sources */ = {isa = PBXBuildFile; fileRef = 5405B86B229E982900591FFD /* ReadOnlyTextField.swift */; };
		5407B6E9228D1E45000B1580 /* ShadowView.swift in Sources */ = {isa = PBXBuildFile; fileRef = 5407B6E8228D1E45000B1580 /* ShadowView.swift */; };
		5407B6EB228D3920000B1580 /* BookDetailController.swift in Sources */ = {isa = PBXBuildFile; fileRef = 5407B6EA228D3920000B1580 /* BookDetailController.swift */; };
		5407B6ED228D6A7A000B1580 /* AddBookController.swift in Sources */ = {isa = PBXBuildFile; fileRef = 5407B6EC228D6A7A000B1580 /* AddBookController.swift */; };
		5407B6F2228D7FBF000B1580 /* SlidePresentationController.swift in Sources */ = {isa = PBXBuildFile; fileRef = 5407B6F1228D7FBF000B1580 /* SlidePresentationController.swift */; };
		5407B6F4228D7FFA000B1580 /* SlideTransitionAnimator.swift in Sources */ = {isa = PBXBuildFile; fileRef = 5407B6F3228D7FFA000B1580 /* SlideTransitionAnimator.swift */; };
		5407B6F6228D8025000B1580 /* SlideTransitionDelegate.swift in Sources */ = {isa = PBXBuildFile; fileRef = 5407B6F5228D8025000B1580 /* SlideTransitionDelegate.swift */; };
		540B3642228C338600D123EE /* AppDelegate.swift in Sources */ = {isa = PBXBuildFile; fileRef = 540B3641228C338600D123EE /* AppDelegate.swift */; };
		540B364C228C338800D123EE /* Assets.xcassets in Resources */ = {isa = PBXBuildFile; fileRef = 540B364B228C338800D123EE /* Assets.xcassets */; };
		540B364F228C338800D123EE /* LaunchScreen.storyboard in Resources */ = {isa = PBXBuildFile; fileRef = 540B364D228C338800D123EE /* LaunchScreen.storyboard */; };
		540B365F228C35F100D123EE /* BookListController.swift in Sources */ = {isa = PBXBuildFile; fileRef = 540B365E228C35F100D123EE /* BookListController.swift */; };
		540B3661228C391900D123EE /* BookCell.swift in Sources */ = {isa = PBXBuildFile; fileRef = 540B3660228C391900D123EE /* BookCell.swift */; };
		540B3663228C3A0800D123EE /* ColorExtension.swift in Sources */ = {isa = PBXBuildFile; fileRef = 540B3662228C3A0800D123EE /* ColorExtension.swift */; };
		540B3665228C3A3800D123EE /* StringExtension.swift in Sources */ = {isa = PBXBuildFile; fileRef = 540B3664228C3A3800D123EE /* StringExtension.swift */; };
		540B3667228C3AB300D123EE /* ViewControllerExtension.swift in Sources */ = {isa = PBXBuildFile; fileRef = 540B3666228C3AB300D123EE /* ViewControllerExtension.swift */; };
		540B3669228C3B1000D123EE /* Constants.swift in Sources */ = {isa = PBXBuildFile; fileRef = 540B3668228C3B1000D123EE /* Constants.swift */; };
		540B366B228C3BEB00D123EE /* Book.swift in Sources */ = {isa = PBXBuildFile; fileRef = 540B366A228C3BEB00D123EE /* Book.swift */; };
		5415911A229519A4002EAF66 /* BookRequest.swift in Sources */ = {isa = PBXBuildFile; fileRef = 54159119229519A4002EAF66 /* BookRequest.swift */; };
		5415911C22951AB5002EAF66 /* BookRequestStatus.swift in Sources */ = {isa = PBXBuildFile; fileRef = 5415911B22951AB5002EAF66 /* BookRequestStatus.swift */; };
		54209124228EC3C5002320A4 /* TransitionDirection.swift in Sources */ = {isa = PBXBuildFile; fileRef = 54209123228EC3C5002320A4 /* TransitionDirection.swift */; };
		54209126228EC831002320A4 /* MenuCell.swift in Sources */ = {isa = PBXBuildFile; fileRef = 54209125228EC831002320A4 /* MenuCell.swift */; };
		5420912A228EC866002320A4 /* MenuHeaderCell.swift in Sources */ = {isa = PBXBuildFile; fileRef = 54209129228EC866002320A4 /* MenuHeaderCell.swift */; };
		5420912D228ECF70002320A4 /* SideMenuController.swift in Sources */ = {isa = PBXBuildFile; fileRef = 5420912C228ECF70002320A4 /* SideMenuController.swift */; };
		5435EDFA229FA36A00A2FCC1 /* NotificationManager.swift in Sources */ = {isa = PBXBuildFile; fileRef = 5435EDF9229FA36A00A2FCC1 /* NotificationManager.swift */; };
		543AF31A229BEE2300158D28 /* BookManger.swift in Sources */ = {isa = PBXBuildFile; fileRef = 543AF319229BEE2300158D28 /* BookManger.swift */; };
		543AF31D229C100700158D28 /* NotificationController.swift in Sources */ = {isa = PBXBuildFile; fileRef = 543AF31C229C100700158D28 /* NotificationController.swift */; };
		54673FF32ADCE00D0073B0A6 /* UIViewExtension.swift in Sources */ = {isa = PBXBuildFile; fileRef = 54673FF22ADCE00D0073B0A6 /* UIViewExtension.swift */; };
		54C355FC229269490003E57D /* SideMenu.swift in Sources */ = {isa = PBXBuildFile; fileRef = 54C355FB229269490003E57D /* SideMenu.swift */; };
		54C355FF229293BC0003E57D /* BookRequestController.swift in Sources */ = {isa = PBXBuildFile; fileRef = 54C355FE229293BC0003E57D /* BookRequestController.swift */; };
		54C356012292AAF70003E57D /* SideMenuType.swift in Sources */ = {isa = PBXBuildFile; fileRef = 54C356002292AAF70003E57D /* SideMenuType.swift */; };
		54C356032292AE9B0003E57D /* BookRequsetCell.swift in Sources */ = {isa = PBXBuildFile; fileRef = 54C356022292AE9B0003E57D /* BookRequsetCell.swift */; };
		54CD5A14229CF9AE00B73CC1 /* SettingController.swift in Sources */ = {isa = PBXBuildFile; fileRef = 54CD5A13229CF9AE00B73CC1 /* SettingController.swift */; };
		54CD5A16229D185E00B73CC1 /* AppSettings.swift in Sources */ = {isa = PBXBuildFile; fileRef = 54CD5A15229D185E00B73CC1 /* AppSettings.swift */; };
		54CD5A18229D352300B73CC1 /* NotificationCell.swift in Sources */ = {isa = PBXBuildFile; fileRef = 54CD5A17229D352300B73CC1 /* NotificationCell.swift */; };
		54CD5A1A229D39C400B73CC1 /* LibraryNotification.swift in Sources */ = {isa = PBXBuildFile; fileRef = 54CD5A19229D39C400B73CC1 /* LibraryNotification.swift */; };
		54E1170A229817020026C6CD /* ShortcutIdentifier.swift in Sources */ = {isa = PBXBuildFile; fileRef = 54E11709229817020026C6CD /* ShortcutIdentifier.swift */; };
		993118982BA20DE1007B0A34 /* DateExtension.swift in Sources */ = {isa = PBXBuildFile; fileRef = 993118972BA20DE1007B0A34 /* DateExtension.swift */; };
		995A1F732C249809000555DF /* DomainConvertible.swift in Sources */ = {isa = PBXBuildFile; fileRef = 995A1F722C249809000555DF /* DomainConvertible.swift */; };
		995F5C282C1C1F4D0000BA3F /* LibraryManagement.xcdatamodeld in Sources */ = {isa = PBXBuildFile; fileRef = 995F5C262C1C1F4D0000BA3F /* LibraryManagement.xcdatamodeld */; };
		999DDCBB2BB5CF6E00323168 /* BookEntity.swift in Sources */ = {isa = PBXBuildFile; fileRef = 999DDCBA2BB5CF6E00323168 /* BookEntity.swift */; };
		999DDCC12BB75D8B00323168 /* LibraryFileManager.swift in Sources */ = {isa = PBXBuildFile; fileRef = 999DDCC02BB75D8B00323168 /* LibraryFileManager.swift */; };
		999DDCC32BB828B700323168 /* LibraryDataManager.swift in Sources */ = {isa = PBXBuildFile; fileRef = 999DDCC22BB828B700323168 /* LibraryDataManager.swift */; };
		99DA990C2BAEE1C70097C112 /* CoreDataStack.swift in Sources */ = {isa = PBXBuildFile; fileRef = 99DA990B2BAEE1C70097C112 /* CoreDataStack.swift */; };
/* End PBXBuildFile section */

/* Begin PBXFileReference section */
		5405B869229E5C7E00591FFD /* AddBookRequestController.swift */ = {isa = PBXFileReference; lastKnownFileType = sourcecode.swift; path = AddBookRequestController.swift; sourceTree = "<group>"; };
		5405B86B229E982900591FFD /* ReadOnlyTextField.swift */ = {isa = PBXFileReference; lastKnownFileType = sourcecode.swift; path = ReadOnlyTextField.swift; sourceTree = "<group>"; };
		5407B6E8228D1E45000B1580 /* ShadowView.swift */ = {isa = PBXFileReference; lastKnownFileType = sourcecode.swift; path = ShadowView.swift; sourceTree = "<group>"; };
		5407B6EA228D3920000B1580 /* BookDetailController.swift */ = {isa = PBXFileReference; lastKnownFileType = sourcecode.swift; path = BookDetailController.swift; sourceTree = "<group>"; };
		5407B6EC228D6A7A000B1580 /* AddBookController.swift */ = {isa = PBXFileReference; lastKnownFileType = sourcecode.swift; path = AddBookController.swift; sourceTree = "<group>"; };
		5407B6F1228D7FBF000B1580 /* SlidePresentationController.swift */ = {isa = PBXFileReference; lastKnownFileType = sourcecode.swift; path = SlidePresentationController.swift; sourceTree = "<group>"; };
		5407B6F3228D7FFA000B1580 /* SlideTransitionAnimator.swift */ = {isa = PBXFileReference; lastKnownFileType = sourcecode.swift; path = SlideTransitionAnimator.swift; sourceTree = "<group>"; };
		5407B6F5228D8025000B1580 /* SlideTransitionDelegate.swift */ = {isa = PBXFileReference; lastKnownFileType = sourcecode.swift; path = SlideTransitionDelegate.swift; sourceTree = "<group>"; };
		540B363E228C338600D123EE /* LibraryManagement.app */ = {isa = PBXFileReference; explicitFileType = wrapper.application; includeInIndex = 0; path = LibraryManagement.app; sourceTree = BUILT_PRODUCTS_DIR; };
		540B3641228C338600D123EE /* AppDelegate.swift */ = {isa = PBXFileReference; lastKnownFileType = sourcecode.swift; path = AppDelegate.swift; sourceTree = "<group>"; };
		540B364B228C338800D123EE /* Assets.xcassets */ = {isa = PBXFileReference; lastKnownFileType = folder.assetcatalog; path = Assets.xcassets; sourceTree = "<group>"; };
		540B364E228C338800D123EE /* Base */ = {isa = PBXFileReference; lastKnownFileType = file.storyboard; name = Base; path = Base.lproj/LaunchScreen.storyboard; sourceTree = "<group>"; };
		540B3650228C338800D123EE /* Info.plist */ = {isa = PBXFileReference; lastKnownFileType = text.plist.xml; path = Info.plist; sourceTree = "<group>"; };
		540B365E228C35F100D123EE /* BookListController.swift */ = {isa = PBXFileReference; lastKnownFileType = sourcecode.swift; path = BookListController.swift; sourceTree = "<group>"; };
		540B3660228C391900D123EE /* BookCell.swift */ = {isa = PBXFileReference; lastKnownFileType = sourcecode.swift; path = BookCell.swift; sourceTree = "<group>"; };
		540B3662228C3A0800D123EE /* ColorExtension.swift */ = {isa = PBXFileReference; lastKnownFileType = sourcecode.swift; path = ColorExtension.swift; sourceTree = "<group>"; };
		540B3664228C3A3800D123EE /* StringExtension.swift */ = {isa = PBXFileReference; lastKnownFileType = sourcecode.swift; path = StringExtension.swift; sourceTree = "<group>"; };
		540B3666228C3AB300D123EE /* ViewControllerExtension.swift */ = {isa = PBXFileReference; lastKnownFileType = sourcecode.swift; path = ViewControllerExtension.swift; sourceTree = "<group>"; };
		540B3668228C3B1000D123EE /* Constants.swift */ = {isa = PBXFileReference; lastKnownFileType = sourcecode.swift; path = Constants.swift; sourceTree = "<group>"; };
		540B366A228C3BEB00D123EE /* Book.swift */ = {isa = PBXFileReference; lastKnownFileType = sourcecode.swift; path = Book.swift; sourceTree = "<group>"; };
		54159119229519A4002EAF66 /* BookRequest.swift */ = {isa = PBXFileReference; lastKnownFileType = sourcecode.swift; path = BookRequest.swift; sourceTree = "<group>"; };
		5415911B22951AB5002EAF66 /* BookRequestStatus.swift */ = {isa = PBXFileReference; lastKnownFileType = sourcecode.swift; path = BookRequestStatus.swift; sourceTree = "<group>"; };
		54209123228EC3C5002320A4 /* TransitionDirection.swift */ = {isa = PBXFileReference; lastKnownFileType = sourcecode.swift; path = TransitionDirection.swift; sourceTree = "<group>"; };
		54209125228EC831002320A4 /* MenuCell.swift */ = {isa = PBXFileReference; lastKnownFileType = sourcecode.swift; path = MenuCell.swift; sourceTree = "<group>"; };
		54209129228EC866002320A4 /* MenuHeaderCell.swift */ = {isa = PBXFileReference; lastKnownFileType = sourcecode.swift; path = MenuHeaderCell.swift; sourceTree = "<group>"; };
		5420912C228ECF70002320A4 /* SideMenuController.swift */ = {isa = PBXFileReference; lastKnownFileType = sourcecode.swift; path = SideMenuController.swift; sourceTree = "<group>"; };
		5435EDF9229FA36A00A2FCC1 /* NotificationManager.swift */ = {isa = PBXFileReference; lastKnownFileType = sourcecode.swift; path = NotificationManager.swift; sourceTree = "<group>"; };
		543AF319229BEE2300158D28 /* BookManger.swift */ = {isa = PBXFileReference; lastKnownFileType = sourcecode.swift; path = BookManger.swift; sourceTree = "<group>"; };
		543AF31C229C100700158D28 /* NotificationController.swift */ = {isa = PBXFileReference; lastKnownFileType = sourcecode.swift; path = NotificationController.swift; sourceTree = "<group>"; };
		54673FF22ADCE00D0073B0A6 /* UIViewExtension.swift */ = {isa = PBXFileReference; lastKnownFileType = sourcecode.swift; path = UIViewExtension.swift; sourceTree = "<group>"; };
		54C355FB229269490003E57D /* SideMenu.swift */ = {isa = PBXFileReference; lastKnownFileType = sourcecode.swift; path = SideMenu.swift; sourceTree = "<group>"; };
		54C355FE229293BC0003E57D /* BookRequestController.swift */ = {isa = PBXFileReference; lastKnownFileType = sourcecode.swift; path = BookRequestController.swift; sourceTree = "<group>"; };
		54C356002292AAF70003E57D /* SideMenuType.swift */ = {isa = PBXFileReference; lastKnownFileType = sourcecode.swift; path = SideMenuType.swift; sourceTree = "<group>"; };
		54C356022292AE9B0003E57D /* BookRequsetCell.swift */ = {isa = PBXFileReference; lastKnownFileType = sourcecode.swift; path = BookRequsetCell.swift; sourceTree = "<group>"; };
		54CD5A13229CF9AE00B73CC1 /* SettingController.swift */ = {isa = PBXFileReference; lastKnownFileType = sourcecode.swift; path = SettingController.swift; sourceTree = "<group>"; };
		54CD5A15229D185E00B73CC1 /* AppSettings.swift */ = {isa = PBXFileReference; lastKnownFileType = sourcecode.swift; path = AppSettings.swift; sourceTree = "<group>"; };
		54CD5A17229D352300B73CC1 /* NotificationCell.swift */ = {isa = PBXFileReference; lastKnownFileType = sourcecode.swift; path = NotificationCell.swift; sourceTree = "<group>"; };
		54CD5A19229D39C400B73CC1 /* LibraryNotification.swift */ = {isa = PBXFileReference; lastKnownFileType = sourcecode.swift; path = LibraryNotification.swift; sourceTree = "<group>"; };
		54E11709229817020026C6CD /* ShortcutIdentifier.swift */ = {isa = PBXFileReference; lastKnownFileType = sourcecode.swift; path = ShortcutIdentifier.swift; sourceTree = "<group>"; };
		993118972BA20DE1007B0A34 /* DateExtension.swift */ = {isa = PBXFileReference; lastKnownFileType = sourcecode.swift; path = DateExtension.swift; sourceTree = "<group>"; };
		995A1F722C249809000555DF /* DomainConvertible.swift */ = {isa = PBXFileReference; lastKnownFileType = sourcecode.swift; path = DomainConvertible.swift; sourceTree = "<group>"; };
		995F5C272C1C1F4D0000BA3F /* LibraryManagement.xcdatamodel */ = {isa = PBXFileReference; lastKnownFileType = wrapper.xcdatamodel; path = LibraryManagement.xcdatamodel; sourceTree = "<group>"; };
		999DDCBA2BB5CF6E00323168 /* BookEntity.swift */ = {isa = PBXFileReference; lastKnownFileType = sourcecode.swift; path = BookEntity.swift; sourceTree = "<group>"; };
		999DDCC02BB75D8B00323168 /* LibraryFileManager.swift */ = {isa = PBXFileReference; lastKnownFileType = sourcecode.swift; path = LibraryFileManager.swift; sourceTree = "<group>"; };
		999DDCC22BB828B700323168 /* LibraryDataManager.swift */ = {isa = PBXFileReference; lastKnownFileType = sourcecode.swift; path = LibraryDataManager.swift; sourceTree = "<group>"; };
		99DA990B2BAEE1C70097C112 /* CoreDataStack.swift */ = {isa = PBXFileReference; lastKnownFileType = sourcecode.swift; path = CoreDataStack.swift; sourceTree = "<group>"; };
/* End PBXFileReference section */

/* Begin PBXFrameworksBuildPhase section */
		540B363B228C338600D123EE /* Frameworks */ = {
			isa = PBXFrameworksBuildPhase;
			buildActionMask = 2147483647;
			files = (
			);
			runOnlyForDeploymentPostprocessing = 0;
		};
/* End PBXFrameworksBuildPhase section */

/* Begin PBXGroup section */
		5407B6E7228D1E23000B1580 /* CustomView */ = {
			isa = PBXGroup;
			children = (
				5407B6E8228D1E45000B1580 /* ShadowView.swift */,
				5405B86B229E982900591FFD /* ReadOnlyTextField.swift */,
			);
			path = CustomView;
			sourceTree = "<group>";
		};
		5407B6F0228D7E4E000B1580 /* Transition */ = {
			isa = PBXGroup;
			children = (
				5407B6F1228D7FBF000B1580 /* SlidePresentationController.swift */,
				5407B6F3228D7FFA000B1580 /* SlideTransitionAnimator.swift */,
				5407B6F5228D8025000B1580 /* SlideTransitionDelegate.swift */,
				54209123228EC3C5002320A4 /* TransitionDirection.swift */,
			);
			path = Transition;
			sourceTree = "<group>";
		};
		540B3635228C338600D123EE = {
			isa = PBXGroup;
			children = (
				540B3640228C338600D123EE /* LibraryManagement */,
				540B363F228C338600D123EE /* Products */,
			);
			sourceTree = "<group>";
		};
		540B363F228C338600D123EE /* Products */ = {
			isa = PBXGroup;
			children = (
				540B363E228C338600D123EE /* LibraryManagement.app */,
			);
			name = Products;
			sourceTree = "<group>";
		};
		540B3640228C338600D123EE /* LibraryManagement */ = {
			isa = PBXGroup;
			children = (
				995A1F712C2497EA000555DF /* Misc */,
				995A1F702C2497B2000555DF /* Model */,
				995A1F6E2C24966A000555DF /* Services */,
				999DDCBF2BB75D3B00323168 /* Common */,
				5407B6F0228D7E4E000B1580 /* Transition */,
				5407B6E7228D1E23000B1580 /* CustomView */,
				540B365A228C353000D123EE /* Modules */,
				540B3658228C351500D123EE /* Extension */,
				540B3657228C350400D123EE /* Support */,
				540B3656228C34F700D123EE /* Resource */,
				540B364D228C338800D123EE /* LaunchScreen.storyboard */,
			);
			path = LibraryManagement;
			sourceTree = "<group>";
		};
		540B3656228C34F700D123EE /* Resource */ = {
			isa = PBXGroup;
			children = (
				540B364B228C338800D123EE /* Assets.xcassets */,
			);
			path = Resource;
			sourceTree = "<group>";
		};
		540B3657228C350400D123EE /* Support */ = {
			isa = PBXGroup;
			children = (
				995F5C262C1C1F4D0000BA3F /* LibraryManagement.xcdatamodeld */,
				540B3641228C338600D123EE /* AppDelegate.swift */,
				540B3650228C338800D123EE /* Info.plist */,
				54E11709229817020026C6CD /* ShortcutIdentifier.swift */,
			);
			path = Support;
			sourceTree = "<group>";
		};
		540B3658228C351500D123EE /* Extension */ = {
			isa = PBXGroup;
			children = (
				540B3662228C3A0800D123EE /* ColorExtension.swift */,
				540B3664228C3A3800D123EE /* StringExtension.swift */,
				540B3666228C3AB300D123EE /* ViewControllerExtension.swift */,
				54673FF22ADCE00D0073B0A6 /* UIViewExtension.swift */,
				993118972BA20DE1007B0A34 /* DateExtension.swift */,
			);
			path = Extension;
			sourceTree = "<group>";
		};
		540B365A228C353000D123EE /* Modules */ = {
			isa = PBXGroup;
			children = (
				543AF31B229C0FEB00158D28 /* Notification */,
				5415911D22955AFE002EAF66 /* Setting */,
				54C355FD229293A40003E57D /* BookRequest */,
				5420912B228ECF30002320A4 /* SideMenu */,
				540B365D228C35C600D123EE /* Cells */,
				540B365C228C35BB00D123EE /* Common */,
				540B365B228C35A400D123EE /* Book */,
			);
			path = Modules;
			sourceTree = "<group>";
		};
		540B365B228C35A400D123EE /* Book */ = {
			isa = PBXGroup;
			children = (
				540B365E228C35F100D123EE /* BookListController.swift */,
				5407B6EA228D3920000B1580 /* BookDetailController.swift */,
				5407B6EC228D6A7A000B1580 /* AddBookController.swift */,
			);
			path = Book;
			sourceTree = "<group>";
		};
		540B365C228C35BB00D123EE /* Common */ = {
			isa = PBXGroup;
			children = (
				540B3668228C3B1000D123EE /* Constants.swift */,
				543AF319229BEE2300158D28 /* BookManger.swift */,
				54CD5A15229D185E00B73CC1 /* AppSettings.swift */,
				5435EDF9229FA36A00A2FCC1 /* NotificationManager.swift */,
			);
			path = Common;
			sourceTree = "<group>";
		};
		540B365D228C35C600D123EE /* Cells */ = {
			isa = PBXGroup;
			children = (
				540B3660228C391900D123EE /* BookCell.swift */,
				54209125228EC831002320A4 /* MenuCell.swift */,
				54209129228EC866002320A4 /* MenuHeaderCell.swift */,
				54C356022292AE9B0003E57D /* BookRequsetCell.swift */,
				54CD5A17229D352300B73CC1 /* NotificationCell.swift */,
			);
			path = Cells;
			sourceTree = "<group>";
		};
		5415911D22955AFE002EAF66 /* Setting */ = {
			isa = PBXGroup;
			children = (
				54CD5A13229CF9AE00B73CC1 /* SettingController.swift */,
			);
			path = Setting;
			sourceTree = "<group>";
		};
		5420912B228ECF30002320A4 /* SideMenu */ = {
			isa = PBXGroup;
			children = (
				5420912C228ECF70002320A4 /* SideMenuController.swift */,
				54C355FB229269490003E57D /* SideMenu.swift */,
				54C356002292AAF70003E57D /* SideMenuType.swift */,
			);
			path = SideMenu;
			sourceTree = "<group>";
		};
		543AF31B229C0FEB00158D28 /* Notification */ = {
			isa = PBXGroup;
			children = (
				543AF31C229C100700158D28 /* NotificationController.swift */,
				54CD5A19229D39C400B73CC1 /* LibraryNotification.swift */,
			);
			path = Notification;
			sourceTree = "<group>";
		};
		54C355FD229293A40003E57D /* BookRequest */ = {
			isa = PBXGroup;
			children = (
				54C355FE229293BC0003E57D /* BookRequestController.swift */,
				54159119229519A4002EAF66 /* BookRequest.swift */,
				5415911B22951AB5002EAF66 /* BookRequestStatus.swift */,
				5405B869229E5C7E00591FFD /* AddBookRequestController.swift */,
			);
			path = BookRequest;
			sourceTree = "<group>";
		};
		995A1F6E2C24966A000555DF /* Services */ = {
			isa = PBXGroup;
			children = (
				995A1F6F2C2496F1000555DF /* FileManager */,
				99DA990A2BAEE1AB0097C112 /* Database */,
			);
			path = Services;
			sourceTree = "<group>";
		};
		995A1F6F2C2496F1000555DF /* FileManager */ = {
			isa = PBXGroup;
			children = (
				999DDCC02BB75D8B00323168 /* LibraryFileManager.swift */,
			);
			path = FileManager;
			sourceTree = "<group>";
		};
		995A1F702C2497B2000555DF /* Model */ = {
			isa = PBXGroup;
			children = (
				540B366A228C3BEB00D123EE /* Book.swift */,
			);
			path = Model;
			sourceTree = "<group>";
		};
		995A1F712C2497EA000555DF /* Misc */ = {
			isa = PBXGroup;
			children = (
				995A1F722C249809000555DF /* DomainConvertible.swift */,
			);
			path = Misc;
			sourceTree = "<group>";
		};
		999DDCBF2BB75D3B00323168 /* Common */ = {
			isa = PBXGroup;
			children = (
			);
			path = Common;
			sourceTree = "<group>";
		};
		99DA990A2BAEE1AB0097C112 /* Database */ = {
			isa = PBXGroup;
			children = (
				99DA990B2BAEE1C70097C112 /* CoreDataStack.swift */,
				999DDCBA2BB5CF6E00323168 /* BookEntity.swift */,
				999DDCC22BB828B700323168 /* LibraryDataManager.swift */,
			);
			path = Database;
			sourceTree = "<group>";
		};
/* End PBXGroup section */

/* Begin PBXNativeTarget section */
		540B363D228C338600D123EE /* LibraryManagement */ = {
			isa = PBXNativeTarget;
			buildConfigurationList = 540B3653228C338800D123EE /* Build configuration list for PBXNativeTarget "LibraryManagement" */;
			buildPhases = (
				540B363A228C338600D123EE /* Sources */,
				540B363B228C338600D123EE /* Frameworks */,
				540B363C228C338600D123EE /* Resources */,
			);
			buildRules = (
			);
			dependencies = (
			);
			name = LibraryManagement;
			productName = "Library Management Code";
			productReference = 540B363E228C338600D123EE /* LibraryManagement.app */;
			productType = "com.apple.product-type.application";
		};
/* End PBXNativeTarget section */

/* Begin PBXProject section */
		540B3636228C338600D123EE /* Project object */ = {
			isa = PBXProject;
			attributes = {
				BuildIndependentTargetsInParallel = YES;
				LastSwiftUpdateCheck = 1020;
				LastUpgradeCheck = 1500;
				ORGANIZATIONNAME = "Anbalagan D";
				TargetAttributes = {
					540B363D228C338600D123EE = {
						CreatedOnToolsVersion = 10.2.1;
					};
				};
			};
			buildConfigurationList = 540B3639228C338600D123EE /* Build configuration list for PBXProject "LibraryManagement" */;
			compatibilityVersion = "Xcode 9.3";
			developmentRegion = en;
			hasScannedForEncodings = 0;
			knownRegions = (
				en,
				Base,
			);
			mainGroup = 540B3635228C338600D123EE;
			productRefGroup = 540B363F228C338600D123EE /* Products */;
			projectDirPath = "";
			projectRoot = "";
			targets = (
				540B363D228C338600D123EE /* LibraryManagement */,
			);
		};
/* End PBXProject section */

/* Begin PBXResourcesBuildPhase section */
		540B363C228C338600D123EE /* Resources */ = {
			isa = PBXResourcesBuildPhase;
			buildActionMask = 2147483647;
			files = (
				540B364F228C338800D123EE /* LaunchScreen.storyboard in Resources */,
				540B364C228C338800D123EE /* Assets.xcassets in Resources */,
			);
			runOnlyForDeploymentPostprocessing = 0;
		};
/* End PBXResourcesBuildPhase section */

/* Begin PBXSourcesBuildPhase section */
		540B363A228C338600D123EE /* Sources */ = {
			isa = PBXSourcesBuildPhase;
			buildActionMask = 2147483647;
			files = (
				543AF31D229C100700158D28 /* NotificationController.swift in Sources */,
				54C356032292AE9B0003E57D /* BookRequsetCell.swift in Sources */,
				54CD5A1A229D39C400B73CC1 /* LibraryNotification.swift in Sources */,
				54CD5A14229CF9AE00B73CC1 /* SettingController.swift in Sources */,
				5407B6E9228D1E45000B1580 /* ShadowView.swift in Sources */,
				5407B6EB228D3920000B1580 /* BookDetailController.swift in Sources */,
				54209126228EC831002320A4 /* MenuCell.swift in Sources */,
				54C355FC229269490003E57D /* SideMenu.swift in Sources */,
				540B366B228C3BEB00D123EE /* Book.swift in Sources */,
				540B3661228C391900D123EE /* BookCell.swift in Sources */,
				54C355FF229293BC0003E57D /* BookRequestController.swift in Sources */,
				5415911A229519A4002EAF66 /* BookRequest.swift in Sources */,
				5420912D228ECF70002320A4 /* SideMenuController.swift in Sources */,
				993118982BA20DE1007B0A34 /* DateExtension.swift in Sources */,
				999DDCBB2BB5CF6E00323168 /* BookEntity.swift in Sources */,
				5407B6F4228D7FFA000B1580 /* SlideTransitionAnimator.swift in Sources */,
				995F5C282C1C1F4D0000BA3F /* LibraryManagement.xcdatamodeld in Sources */,
				540B365F228C35F100D123EE /* BookListController.swift in Sources */,
				540B3667228C3AB300D123EE /* ViewControllerExtension.swift in Sources */,
				54E1170A229817020026C6CD /* ShortcutIdentifier.swift in Sources */,
				543AF31A229BEE2300158D28 /* BookManger.swift in Sources */,
				540B3665228C3A3800D123EE /* StringExtension.swift in Sources */,
				54C356012292AAF70003E57D /* SideMenuType.swift in Sources */,
				5407B6F2228D7FBF000B1580 /* SlidePresentationController.swift in Sources */,
				5405B86A229E5C7E00591FFD /* AddBookRequestController.swift in Sources */,
				995A1F732C249809000555DF /* DomainConvertible.swift in Sources */,
				540B3669228C3B1000D123EE /* Constants.swift in Sources */,
				5415911C22951AB5002EAF66 /* BookRequestStatus.swift in Sources */,
				54CD5A16229D185E00B73CC1 /* AppSettings.swift in Sources */,
				99DA990C2BAEE1C70097C112 /* CoreDataStack.swift in Sources */,
				54673FF32ADCE00D0073B0A6 /* UIViewExtension.swift in Sources */,
				54CD5A18229D352300B73CC1 /* NotificationCell.swift in Sources */,
				5405B86C229E982900591FFD /* ReadOnlyTextField.swift in Sources */,
				5407B6F6228D8025000B1580 /* SlideTransitionDelegate.swift in Sources */,
				5435EDFA229FA36A00A2FCC1 /* NotificationManager.swift in Sources */,
				5420912A228EC866002320A4 /* MenuHeaderCell.swift in Sources */,
				999DDCC32BB828B700323168 /* LibraryDataManager.swift in Sources */,
				999DDCC12BB75D8B00323168 /* LibraryFileManager.swift in Sources */,
				54209124228EC3C5002320A4 /* TransitionDirection.swift in Sources */,
				5407B6ED228D6A7A000B1580 /* AddBookController.swift in Sources */,
				540B3642228C338600D123EE /* AppDelegate.swift in Sources */,
				540B3663228C3A0800D123EE /* ColorExtension.swift in Sources */,
			);
			runOnlyForDeploymentPostprocessing = 0;
		};
/* End PBXSourcesBuildPhase section */

/* Begin PBXVariantGroup section */
		540B364D228C338800D123EE /* LaunchScreen.storyboard */ = {
			isa = PBXVariantGroup;
			children = (
				540B364E228C338800D123EE /* Base */,
			);
			name = LaunchScreen.storyboard;
			sourceTree = "<group>";
		};
/* End PBXVariantGroup section */

/* Begin XCBuildConfiguration section */
		540B3651228C338800D123EE /* Debug */ = {
			isa = XCBuildConfiguration;
			buildSettings = {
				ALWAYS_SEARCH_USER_PATHS = NO;
				ASSETCATALOG_COMPILER_GENERATE_SWIFT_ASSET_SYMBOL_EXTENSIONS = YES;
				CLANG_ANALYZER_NONNULL = YES;
				CLANG_ANALYZER_NUMBER_OBJECT_CONVERSION = YES_AGGRESSIVE;
				CLANG_CXX_LANGUAGE_STANDARD = "gnu++14";
				CLANG_CXX_LIBRARY = "libc++";
				CLANG_ENABLE_MODULES = YES;
				CLANG_ENABLE_OBJC_ARC = YES;
				CLANG_ENABLE_OBJC_WEAK = YES;
				CLANG_WARN_BLOCK_CAPTURE_AUTORELEASING = YES;
				CLANG_WARN_BOOL_CONVERSION = YES;
				CLANG_WARN_COMMA = YES;
				CLANG_WARN_CONSTANT_CONVERSION = YES;
				CLANG_WARN_DEPRECATED_OBJC_IMPLEMENTATIONS = YES;
				CLANG_WARN_DIRECT_OBJC_ISA_USAGE = YES_ERROR;
				CLANG_WARN_DOCUMENTATION_COMMENTS = YES;
				CLANG_WARN_EMPTY_BODY = YES;
				CLANG_WARN_ENUM_CONVERSION = YES;
				CLANG_WARN_INFINITE_RECURSION = YES;
				CLANG_WARN_INT_CONVERSION = YES;
				CLANG_WARN_NON_LITERAL_NULL_CONVERSION = YES;
				CLANG_WARN_OBJC_IMPLICIT_RETAIN_SELF = YES;
				CLANG_WARN_OBJC_LITERAL_CONVERSION = YES;
				CLANG_WARN_OBJC_ROOT_CLASS = YES_ERROR;
				CLANG_WARN_QUOTED_INCLUDE_IN_FRAMEWORK_HEADER = YES;
				CLANG_WARN_RANGE_LOOP_ANALYSIS = YES;
				CLANG_WARN_STRICT_PROTOTYPES = YES;
				CLANG_WARN_SUSPICIOUS_MOVE = YES;
				CLANG_WARN_UNGUARDED_AVAILABILITY = YES_AGGRESSIVE;
				CLANG_WARN_UNREACHABLE_CODE = YES;
				CLANG_WARN__DUPLICATE_METHOD_MATCH = YES;
				CODE_SIGN_IDENTITY = "iPhone Developer";
				COPY_PHASE_STRIP = NO;
				DEBUG_INFORMATION_FORMAT = dwarf;
				ENABLE_STRICT_OBJC_MSGSEND = YES;
				ENABLE_TESTABILITY = YES;
				ENABLE_USER_SCRIPT_SANDBOXING = YES;
				GCC_C_LANGUAGE_STANDARD = gnu11;
				GCC_DYNAMIC_NO_PIC = NO;
				GCC_NO_COMMON_BLOCKS = YES;
				GCC_OPTIMIZATION_LEVEL = 0;
				GCC_PREPROCESSOR_DEFINITIONS = (
					"DEBUG=1",
					"$(inherited)",
				);
				GCC_WARN_64_TO_32_BIT_CONVERSION = YES;
				GCC_WARN_ABOUT_RETURN_TYPE = YES_ERROR;
				GCC_WARN_UNDECLARED_SELECTOR = YES;
				GCC_WARN_UNINITIALIZED_AUTOS = YES_AGGRESSIVE;
				GCC_WARN_UNUSED_FUNCTION = YES;
				GCC_WARN_UNUSED_VARIABLE = YES;
				IPHONEOS_DEPLOYMENT_TARGET = 17.0;
				MTL_ENABLE_DEBUG_INFO = INCLUDE_SOURCE;
				MTL_FAST_MATH = YES;
				ONLY_ACTIVE_ARCH = YES;
				SDKROOT = iphoneos;
				SWIFT_ACTIVE_COMPILATION_CONDITIONS = DEBUG;
				SWIFT_OPTIMIZATION_LEVEL = "-Onone";
			};
			name = Debug;
		};
		540B3652228C338800D123EE /* Release */ = {
			isa = XCBuildConfiguration;
			buildSettings = {
				ALWAYS_SEARCH_USER_PATHS = NO;
				ASSETCATALOG_COMPILER_GENERATE_SWIFT_ASSET_SYMBOL_EXTENSIONS = YES;
				CLANG_ANALYZER_NONNULL = YES;
				CLANG_ANALYZER_NUMBER_OBJECT_CONVERSION = YES_AGGRESSIVE;
				CLANG_CXX_LANGUAGE_STANDARD = "gnu++14";
				CLANG_CXX_LIBRARY = "libc++";
				CLANG_ENABLE_MODULES = YES;
				CLANG_ENABLE_OBJC_ARC = YES;
				CLANG_ENABLE_OBJC_WEAK = YES;
				CLANG_WARN_BLOCK_CAPTURE_AUTORELEASING = YES;
				CLANG_WARN_BOOL_CONVERSION = YES;
				CLANG_WARN_COMMA = YES;
				CLANG_WARN_CONSTANT_CONVERSION = YES;
				CLANG_WARN_DEPRECATED_OBJC_IMPLEMENTATIONS = YES;
				CLANG_WARN_DIRECT_OBJC_ISA_USAGE = YES_ERROR;
				CLANG_WARN_DOCUMENTATION_COMMENTS = YES;
				CLANG_WARN_EMPTY_BODY = YES;
				CLANG_WARN_ENUM_CONVERSION = YES;
				CLANG_WARN_INFINITE_RECURSION = YES;
				CLANG_WARN_INT_CONVERSION = YES;
				CLANG_WARN_NON_LITERAL_NULL_CONVERSION = YES;
				CLANG_WARN_OBJC_IMPLICIT_RETAIN_SELF = YES;
				CLANG_WARN_OBJC_LITERAL_CONVERSION = YES;
				CLANG_WARN_OBJC_ROOT_CLASS = YES_ERROR;
				CLANG_WARN_QUOTED_INCLUDE_IN_FRAMEWORK_HEADER = YES;
				CLANG_WARN_RANGE_LOOP_ANALYSIS = YES;
				CLANG_WARN_STRICT_PROTOTYPES = YES;
				CLANG_WARN_SUSPICIOUS_MOVE = YES;
				CLANG_WARN_UNGUARDED_AVAILABILITY = YES_AGGRESSIVE;
				CLANG_WARN_UNREACHABLE_CODE = YES;
				CLANG_WARN__DUPLICATE_METHOD_MATCH = YES;
				CODE_SIGN_IDENTITY = "iPhone Developer";
				COPY_PHASE_STRIP = NO;
				DEBUG_INFORMATION_FORMAT = "dwarf-with-dsym";
				ENABLE_NS_ASSERTIONS = NO;
				ENABLE_STRICT_OBJC_MSGSEND = YES;
				ENABLE_USER_SCRIPT_SANDBOXING = YES;
				GCC_C_LANGUAGE_STANDARD = gnu11;
				GCC_NO_COMMON_BLOCKS = YES;
				GCC_WARN_64_TO_32_BIT_CONVERSION = YES;
				GCC_WARN_ABOUT_RETURN_TYPE = YES_ERROR;
				GCC_WARN_UNDECLARED_SELECTOR = YES;
				GCC_WARN_UNINITIALIZED_AUTOS = YES_AGGRESSIVE;
				GCC_WARN_UNUSED_FUNCTION = YES;
				GCC_WARN_UNUSED_VARIABLE = YES;
				IPHONEOS_DEPLOYMENT_TARGET = 17.0;
				MTL_ENABLE_DEBUG_INFO = NO;
				MTL_FAST_MATH = YES;
				SDKROOT = iphoneos;
				SWIFT_COMPILATION_MODE = wholemodule;
				SWIFT_OPTIMIZATION_LEVEL = "-O";
				VALIDATE_PRODUCT = YES;
			};
			name = Release;
		};
		540B3654228C338800D123EE /* Debug */ = {
			isa = XCBuildConfiguration;
			buildSettings = {
				ASSETCATALOG_COMPILER_APPICON_NAME = AppIcon;
				CODE_SIGN_STYLE = Automatic;
				DEVELOPMENT_TEAM = G9Y62JV6M7;
				INFOPLIST_FILE = "$(SRCROOT)/LibraryManagement/Support/Info.plist";
				INFOPLIST_KEY_LSApplicationCategoryType = "public.app-category.education";
				IPHONEOS_DEPLOYMENT_TARGET = 17.0;
				LD_RUNPATH_SEARCH_PATHS = (
					"$(inherited)",
					"@executable_path/Frameworks",
				);
				PRODUCT_BUNDLE_IDENTIFIER = anbu.LibraryManagement;
				PRODUCT_NAME = "$(TARGET_NAME)";
				SWIFT_VERSION = 6.0;
				TARGETED_DEVICE_FAMILY = 1;
			};
			name = Debug;
		};
		540B3655228C338800D123EE /* Release */ = {
			isa = XCBuildConfiguration;
			buildSettings = {
				ASSETCATALOG_COMPILER_APPICON_NAME = AppIcon;
				CODE_SIGN_STYLE = Automatic;
				DEVELOPMENT_TEAM = G9Y62JV6M7;
				INFOPLIST_FILE = "$(SRCROOT)/LibraryManagement/Support/Info.plist";
				INFOPLIST_KEY_LSApplicationCategoryType = "public.app-category.education";
				IPHONEOS_DEPLOYMENT_TARGET = 17.0;
				LD_RUNPATH_SEARCH_PATHS = (
					"$(inherited)",
					"@executable_path/Frameworks",
				);
				PRODUCT_BUNDLE_IDENTIFIER = anbu.LibraryManagement;
				PRODUCT_NAME = "$(TARGET_NAME)";
				SWIFT_VERSION = 6.0;
				TARGETED_DEVICE_FAMILY = 1;
			};
			name = Release;
		};
/* End XCBuildConfiguration section */

/* Begin XCConfigurationList section */
		540B3639228C338600D123EE /* Build configuration list for PBXProject "LibraryManagement" */ = {
			isa = XCConfigurationList;
			buildConfigurations = (
				540B3651228C338800D123EE /* Debug */,
				540B3652228C338800D123EE /* Release */,
			);
			defaultConfigurationIsVisible = 0;
			defaultConfigurationName = Release;
		};
		540B3653228C338800D123EE /* Build configuration list for PBXNativeTarget "LibraryManagement" */ = {
			isa = XCConfigurationList;
			buildConfigurations = (
				540B3654228C338800D123EE /* Debug */,
				540B3655228C338800D123EE /* Release */,
			);
			defaultConfigurationIsVisible = 0;
			defaultConfigurationName = Release;
		};
/* End XCConfigurationList section */

/* Begin XCVersionGroup section */
		995F5C262C1C1F4D0000BA3F /* LibraryManagement.xcdatamodeld */ = {
			isa = XCVersionGroup;
			children = (
				995F5C272C1C1F4D0000BA3F /* LibraryManagement.xcdatamodel */,
			);
			currentVersion = 995F5C272C1C1F4D0000BA3F /* LibraryManagement.xcdatamodel */;
			path = LibraryManagement.xcdatamodeld;
			sourceTree = "<group>";
			versionGroupType = wrapper.xcdatamodel;
		};
/* End XCVersionGroup section */
	};
	rootObject = 540B3636228C338600D123EE /* Project object */;
}
